# This file is automatically @generated by Cargo.
# It is not intended for manual editing.
version = 3

[[package]]
name = "baridge"
version = "0.1.0"
dependencies = [
 "wol-rs",
]

[[package]]
name = "wol-rs"
version = "1.0.1"
source = "registry+https://github.com/rust-lang/crates.io-index"
checksum = "3c5a8a033ef9b208ec8b5946761958ed2b2693ac49b04f647fdc013000870b8f"
